github.com/fhs/gompd/v2 v2.2.1-0.20210604155103-5f471998a4fb h1:mCoLpct58+5Ponlpb3UVZc1ERPmHKzsqbWrBp/zpfYs=
github.com/fhs/gompd/v2 v2.2.1-0.20210604155103-5f471998a4fb/go.mod h1:nNdZtcpD5VpmzZbRl5rV6RhxeMmAWTxEsSIMBkmMIy4=
github.com/fhs/gompd/v2 v2.3.0 h1:wuruUjmOODRlJhrYx73rJnzS7vTSXSU7pWmZtM3VPE0=
github.com/fhs/gompd/v2 v2.3.0/go.mod h1:nNdZtcpD5VpmzZbRl5rV6RhxeMmAWTxEsSIMBkmMIy4=
golang.org/x/net v0.0.0-20220425223048-2871e0cb64e4 h1:HVyaeDAYux4pnY+D/SiwmLOR36ewZ4iGQIIrtnuCjFA=
golang.org/x/net v0.0.0-20220425223048-2871e0cb64e4/go.mod h1:CfG3xpIq0wQ8r1q4Su4UZFWDARRcnwPjda9FqA0JpMk=
golang.org/x/net v0.7.0 h1:rJrUqqhjsgNp7KqAIc25s9pZnjU7TUcSY7HcVZjdn1g=
golang.org/x/net v0.7.0/go.mod h1:2Tu9+aMcznHK/AK1HMvgo6xiTLG5rD5rZLDS+rp2Bjs=
